{
  "name": "@kubestellar/console-kb-scripts",
  "version": "1.0.0",
  "lockfileVersion": 3,
  "requires": true,
  "packages": {
    "": {
      "name": "@kubestellar/console-kb-scripts",
      "version": "1.0.0",
      "dependencies": {
        "js-yaml": "^4.2.0",
        "yaml": "^2.8.3"
      },
      "devDependencies": {
        "vitest": "^4.1.6"
      }
    },
    "node_modules/@jridgewell/sourcemap-codec": {
      "version": "1.5.4",
      "resolved": "https://registry.npmjs.org/@jridgewell/sourcemap-codec/-/sourcemap-codec-1.5.4.tgz",
      "integrity": "sha512-VT2+G1VQs/9oz078bLrYbecdZKs912zQlkelYpuf+SXF+QvZDYJlbx/LSx+meSAwdIfaFApo08orkqAt18r3Aw==",
      "dev": true,
      "license": "MIT"
    },
    "node_modules/@rollup/rollup-android-arm-eabi": {
      "version": "4.44.0",
      "resolved": "https://registry.npmjs.org/@rollup/rollup-android-arm-eabi/-/rollup-android-arm-eabi-4.44.0.tgz",
      "integrity": "sha512-xEiEE5oDW6tK4jXCAyliuntGR+amhBNJMRQaTVRMOPfJQkZWD7z/FiGp5nSXSABH5rHVjTJFiWVYokFdbCuKA==",
      "cpu": [
        "arm"
      ],
      "dev": true,
      "license": "MIT",
      "optional": true,
      "os": [
        "android"
      ]
    },
    "node_modules/@rollup/rollup-android-arm64": {
      "version": "4.44.0",
      "resolved": "https://registry.npmjs.org/@rollup/rollup-android-arm64/-/rollup-android-arm64-4.44.0.tgz",
      "integrity": "sha512-BjI+NVVEGAXjGnpFKHMrmahCKFkTFSRBBUGWJe2mPVfOJFGAzLCIXfGdJFtFMjGwQLtfqbQupyMHEkQNiH3tQ==",
      "cpu": [
        "arm64"
      ],
      "dev": true,
      "license": "MIT",
      "optional": true,
      "os": [
        "android"
      ]
    },
    "node_modules/@rollup/rollup-darwin-arm64": {
      "version": "4.44.0",
      "resolved": "https://registry.npmjs.org/@rollup/rollup-darwin-arm64/-/rollup-darwin-arm64-4.44.0.tgz",
      "integrity": "sha512-xbWJiMBs8iMnFDJ+wqH6n6PbFuKxr0y3OQPXBGBM2ZpVxXaZbVKRjDjNxS5LVFfPvkyBr3rGC6vBtHt2CNAyQ==",
      "cpu": [
        "arm64"
      ],
      "dev": true,
      "license": "MIT",
      "optional": true,
      "os": [
        "darwin"
      ]
    },
    "node_modules/@rollup/rollup-darwin-x64": {
      "version": "4.44.0",
      "resolved": "https://registry.npmjs.org/@rollup/rollup-darwin-x64/-/rollup-darwin-x64-4.44.0.tgz",
      "integrity": "sha512-m4JhFggPGYqzCYMgNOQS30Hm2gS0oDHCYFHFfpWKVkFRj0mEComQOIKKZhXR4nF/h3BJ4NKDG2CZOQ7Pcq1wQ==",
      "cpu": [
        "x64"
      ],
      "dev": true,
      "license": "MIT",
      "optional": true,
      "os": [
        "darwin"
      ]
    },
    "node_modules/@rollup/rollup-freebsd-arm64": {
      "version": "4.44.0",
      "resolved": "https://registry.npmjs.org/@rollup/rollup-freebsd-arm64/-/rollup-freebsd-arm64-4.44.0.tgz",
      "integrity": "sha512-/9GFDjGCPPBEFkxBFaRrRZKD0k85bUxC3OFHoJhJXEMCFxEJ8DH62dRHVkPeB2Mv3v+4AijGfFaqBBTGzCfig==",
      "cpu": [
        "arm64"
      ],
      "dev": true,
      "license": "MIT",
      "optional": true,
      "os": [
        "freebsd"
      ]
    },
    "node_modules/@rollup/rollup-freebsd-x64": {
      "version": "4.44.0",
      "resolved": "https://registry.npmjs.org/@rollup/rollup-freebsd-x64/-/rollup-freebsd-x64-4.44.0.tgz",
      "integrity": "sha512-gJNQGIQHMiEMRTCKFMByZ+P8YmBDDc3Uc9kiETuKl9DRyFXNgKfBf/m8JMnI8rBpkG0FzqOdAEBOfZ6qN6rJg==",
      "cpu": [
        "x64"
      ],
      "dev": true,
      "license": "MIT",
      "optional": true,
      "os": [
        "freebsd"
      ]
    },
    "node_modules/@rollup/rollup-linux-arm-gnueabihf": {
      "version": "4.44.0",
      "resolved": "https://registry.npmjs.org/@rollup/rollup-linux-arm-gnueabihf/-/rollup-linux-arm-gnueabihf-4.44.0.tgz",
      "integrity": "sha512-tMM9UkhPbBVwFSs5UHH3TgPBKQBGf2eQaJyGfzS5aGmGdlCGUBOgWJCa8INbMFbYSDRL9UlDeqxAFD7YkfJKQ==",
      "cpu": [
        "arm"
      ],
      "dev": true,
      "license": "MIT",
      "optional": true,
      "os": [
        "linux"
      ]
    },
    "node_modules/@rollup/rollup-linux-arm-musleabihf": {
      "version": "4.44.0",
      "resolved": "https://registry.npmjs.org/@rollup/rollup-linux-arm-musleabihf/-/rollup-linux-arm-musleabihf-4.44.0.tgz",
      "integrity": "sha512-0EQFtQIaOWAI96r7NMVXaOmv4EGcIoNJO7x8R0KFVHkQAYbA9A0gF5bKhDzPbRGHzchAZpq9GKiGzfNHAMJqg==",
      "cpu": [
        "arm"
      ],
      "dev": true,
      "license": "MIT",
      "optional": true,
      "os": [
        "linux"
      ]
    },
    "node_modules/@rollup/rollup-linux-arm64-gnu": {
      "version": "4.44.0",
      "resolved": "https://registry.npmjs.org/@rollup/rollup-linux-arm64-gnu/-/rollup-linux-arm64-gnu-4.44.0.tgz",
      "integrity": "sha512-HF5QHaLs4s2ira5avFJN0iuXwZ9ztNm5yMGFxoFq1n0BVd1jw96Zt3l7RqTTVLYbpSQaKuKBzRGOyJWlcEEEQ==",
      "cpu": [
        "arm64"
      ],
      "dev": true,
      "license": "MIT",
      "optional": true,
      "os": [
        "linux"
      ]
    },
    "node_modules/@rollup/rollup-linux-arm64-musl": {
      "version": "4.44.0",
      "resolved": "https://registry.npmjs.org/@rollup/rollup-linux-arm64-musl/-/rollup-linux-arm64-musl-4.44.0.tgz",
      "integrity": "sha512-j2sNOOmHq1UvFfTQVXtAqFuJfmkRlgjHbBqfBEo6vEX6S0b8yCRRvPNxhaJ9TDIIGo4V7rlGZmHFMtxfvv4Fw==",
      "cpu": [
        "arm64"
      ],
      "dev": true,
      "license": "MIT",
      "optional": true,
      "os": [
        "linux"
      ]
    },
    "node_modules/@rollup/rollup-linux-loong64-gnu": {
      "version": "4.44.0",
      "resolved": "https://registry.npmjs.org/@rollup/rollup-linux-loong64-gnu/-/rollup-linux-loong64-gnu-4.44.0.tgz",
      "integrity": "sha512-xhBmAbmPFfQHFmRiGpNW7cFO9NBG/t0D3Y9oisBT4LIzz1cLs4NHAGkNEcerSBDCFIw3IhMXzCbDGR3ORoTZQ==",
      "cpu": [
        "loong64"
      ],
      "dev": true,
      "license": "MIT",
      "optional": true,
      "os": [
        "linux"
      ]
    },
    "node_modules/@rollup/rollup-linux-loong64-musl": {
      "version": "4.44.0",
      "resolved": "https://registry.npmjs.org/@rollup/rollup-linux-loong64-musl/-/rollup-linux-loong64-musl-4.44.0.tgz",
      "integrity": "sha512-BVPGMBoyOFYX1nQHl/fEAb7aKHfJF5/MkyJHW6s5D3i/XFIFVo4wMFfJTwUWwdpyI0ERo9Q/M6kq7hTlC5PsQ==",
      "cpu": [
        "loong64"
      ],
      "dev": true,
      "license": "MIT",
      "optional": true,
      "os": [
        "linux"
      ]
    },
    "node_modules/@rollup/rollup-linux-powerpc64le-gnu": {
      "version": "4.44.0",
      "resolved": "https://registry.npmjs.org/@rollup/rollup-linux-powerpc64le-gnu/-/rollup-linux-powerpc64le-gnu-4.44.0.tgz",
      "integrity": "sha512-PDPYQVB7VKKOzXK1LLRXqXHxWjqST4mZ8wQdyUYtNmf1RJVZ6MGMZGQ7KCfuFbrMX7LTjFb2S0PZqRnXXl8Q==",
      "cpu": [
        "ppc64"
      ],
      "dev": true,
      "license": "MIT",
      "optional": true,
      "os": [
        "linux"
      ]
    },
    "node_modules/@rollup/rollup-linux-riscv64-gnu": {
      "version": "4.44.0",
      "resolved": "https://registry.npmjs.org/@rollup/rollup-linux-riscv64-gnu/-/rollup-linux-riscv64-gnu-4.44.0.tgz",
      "integrity": "sha512-3jMFmcgwEe0V0cNKKgQQnPPkMV27vsTDSZBT+RJv5FXMXW6XjR1GeN2SKyUoFvOB3RB0bGIV0Lx2aAXFvkMmA==",
      "cpu": [
        "riscv64"
      ],
      "dev": true,
      "license": "MIT",
      "optional": true,
      "os": [
        "linux"
      ]
    },
    "node_modules/@rollup/rollup-linux-riscv64-musl": {
      "version": "4.44.0",
      "resolved": "https://registry.npmjs.org/@rollup/rollup-linux-riscv64-musl/-/rollup-linux-riscv64-musl-4.44.0.tgz",
      "integrity": "sha512-9tCHM8BQKQD0IfCVAi4VE1LMFVMfLq/3cQliN3bfvCqR4a0ycgJWVaYlSWCY+ygFPn71e+OfbFbGIiBmfTiZQ==",
      "cpu": [
        "riscv64"
      ],
      "dev": true,
      "license": "MIT",
      "optional": true,
      "os": [
        "linux"
      ]
    },
    "node_modules/@rollup/rollup-linux-s390x-gnu": {
      "version": "4.44.0",
      "resolved": "https://registry.npmjs.org/@rollup/rollup-linux-s390x-gnu/-/rollup-linux-s390x-gnu-4.44.0.tgz",
      "integrity": "sha512-8Xhcbx1IQOP99z+6IJVi0PQ+QTU6GMXBUPLYq6WJ32HMXQMT6EIbiQoRyOz8b9l0FSVNJQM5VmMLBKRJbkHjg==",
      "cpu": [
        "s390x"
      ],
      "dev": true,
      "license": "MIT",
      "optional": true,
      "os": [
        "linux"
      ]
    },
    "node_modules/@rollup/rollup-linux-x64-gnu": {
      "version": "4.44.0",
      "resolved": "https://registry.npmjs.org/@rollup/rollup-linux-x64-gnu/-/rollup-linux-x64-gnu-4.44.0.tgz",
      "integrity": "sha512-qJfKMRxTTT3bGpHGJ6qVxCp9EKIJc/kZy5a6PYAUDnJF7MSNrDrAEkEDf5jBMRf/gGWkMCyR4OuI4kqRouygg==",
      "cpu": [
        "x64"
      ],
      "dev": true,
      "license": "MIT",
      "optional": true,
      "os": [
        "linux"
      ]
    },
    "node_modules/@rollup/rollup-linux-x64-musl": {
      "version": "4.44.0",
      "resolved": "https://registry.npmjs.org/@rollup/rollup-linux-x64-musl/-/rollup-linux-x64-musl-4.44.0.tgz",
      "integrity": "sha512-3/E1CanO8TWDM1O1WxkbVJOvlyVZi3GDzImFHoNOTkm3V1XLzLJZh+E5L9NJRfpjVyFwXgjdRV7OgRRi5lMUg==",
      "cpu": [
        "x64"
      ],
      "dev": true,
      "license": "MIT",
      "optional": true,
      "os": [
        "linux"
      ]
    },
    "node_modules/@rollup/rollup-win32-arm64-msvc": {
      "version": "4.44.0",
      "resolved": "https://registry.npmjs.org/@rollup/rollup-win32-arm64-msvc/-/rollup-win32-arm64-msvc-4.44.0.tgz",
      "integrity": "sha512-kMlE2TE8CJQJL+p/f5c2bCKhLCEtDcOJL6DLSF3WJ+TdNJ61OBRrpTQw+vtiIKXlSN2VIa3FLRPZ09wJoLJig==",
      "cpu": [
        "arm64"
      ],
      "dev": true,
      "license": "MIT",
      "optional": true,
      "os": [
        "win32"
      ]
    },
    "node_modules/@rollup/rollup-win32-ia32-msvc": {
      "version": "4.44.0",
      "resolved": "https://registry.npmjs.org/@rollup/rollup-win32-ia32-msvc/-/rollup-win32-ia32-msvc-4.44.0.tgz",
      "integrity": "sha512-7jRLy3tOdxD0OESOjJuBTh3XUzLmX1VOA5c3Q2UUQ1WN7Hx8YHu8eiHvVsaNLOYCNc/OhKfnAGO5q2GFHJ2dA==",
      "cpu": [
        "ia32"
      ],
      "dev": true,
      "license": "MIT",
      "optional": true,
      "os": [
        "win32"
      ]
    },
    "node_modules/@rollup/rollup-win32-x64-msvc": {
      "version": "4.44.0",
      "resolved": "https://registry.npmjs.org/@rollup/rollup-win32-x64-msvc/-/rollup-win32-x64-msvc-4.44.0.tgz",
      "integrity": "sha512-v0YVLPG4hHFSIi7bLhsCKC7MtR5/nDiMk0VMEXEaqa6u+GRFPzJFLSqpfnr2VKqAiHTF7x+6oc/f0LqV3NDWQ==",
      "cpu": [
        "x64"
      ],
      "dev": true,
      "license": "MIT",
      "optional": true,
      "os": [
        "win32"
      ]
    },
    "node_modules/@types/estree": {
      "version": "1.0.8",
      "resolved": "https://registry.npmjs.org/@types/estree/-/estree-1.0.8.tgz",
      "integrity": "sha512-dWHzHa2WqEXI/O1E9OjrocMTawd5gnUN7dBtPB9ougF2H04XNy9HCnot5bbMpss3igsVKRsrCrHbxXDM4vPuXA==",
      "dev": true,
      "license": "MIT"
    },
    "node_modules/@vitest/expect": {
      "version": "4.1.8",
      "resolved": "https://registry.npmjs.org/@vitest/expect/-/expect-4.1.8.tgz",
      "integrity": "sha512-c2TSTgTEBFGIBbUL0dEMq4tq7Gm/4ViWe1JVrRKAy7oXoReaM7dsPDVaIfM4T6UcRo4FNkP23E1vRIw7Bv8Vg==",
      "dev": true,
      "license": "MIT",
      "dependencies": {
        "@vitest/spy": "4.1.8",
        "@vitest/utils": "4.1.8",
        "chai": "^5.2.0",
        "tinyrainbow": "^2.0.0"
      },
      "funding": {
        "url": "https://opencollective.com/vitest"
      }
    },
    "node_modules/@vitest/mocker": {
      "version": "4.1.8",
      "resolved": "https://registry.npmjs.org/@vitest/mocker/-/mocker-4.1.8.tgz",
      "integrity": "sha512-GHYzl1Xbkgjh0HT2dYW6u+aSj0HcHjFgJkHt5OTpqh5bkWqkUk5iO/TqF9G8hWxYZkNvHbGM/XCBlLkOarUw==",
      "dev": true,
      "license": "MIT",
      "dependencies": {
        "@vitest/spy": "4.1.8",
        "estree-walker": "^3.0.3",
        "magic-string": "^0.30.17"
      },
      "funding": {
        "url": "https://opencollective.com/vitest"
      },
      "peerDependencies": {
        "msw": "^2.4.9",
        "vite": "^6.0.0 || ^7.0.0 || ^8.0.0"
      },
      "peerDependenciesMeta": {
        "msw": {
          "optional": true
        },
        "vite": {
          "optional": true
        }
      }
    },
    "node_modules/@vitest/pretty-format": {
      "version": "4.1.8",
      "resolved": "https://registry.npmjs.org/@vitest/pretty-format/-/pretty-format-4.1.8.tgz",
      "integrity": "sha512-NIyMtmPCT04P4HFCymBSxi3yxhpI8nHsPtLqvWlpG6+MvRaGBfcL3MNFhJEVZLDHkOaBIJIjSxS3lpd6BJVUA==",
      "dev": true,
      "license": "MIT",
      "dependencies": {
        "tinyrainbow": "^2.0.0"
      },
      "funding": {
        "url": "https://opencollective.com/vitest"
      }
    },
    "node_modules/@vitest/runner": {
      "version": "4.1.8",
      "resolved": "https://registry.npmjs.org/@vitest/runner/-/runner-4.1.8.tgz",
      "integrity": "sha512-w0a1bYlhkHKjcZC0GiM0Y0DvmDuTGm1GlU3TsKuLzEnkjYiJbHfMVwGa0jEfFICmBfXPCH4r3GfpRbKrmcKyQ==",
      "dev": true,
      "license": "MIT",
      "dependencies": {
        "@vitest/utils": "4.1.8",
        "pathe": "^2.0.3"
      },
      "funding": {
        "url": "https://opencollective.com/vitest"
      }
    },
    "node_modules/@vitest/snapshot": {
      "version": "4.1.8",
      "resolved": "https://registry.npmjs.org/@vitest/snapshot/-/snapshot-4.1.8.tgz",
      "integrity": "sha512-0d7b5AYCt5+mCqRjhNTUJgU4gKPb8y0tVsb3a09vT0rMfJtRpUuRfZVVXF7xgr1bMWnRWa03lmyE7V4lF7fcg==",
      "dev": true,
      "license": "MIT",
      "dependencies": {
        "@vitest/pretty-format": "4.1.8",
        "magic-string": "^0.30.17",
        "pathe": "^2.0.3"
      },
      "funding": {
        "url": "https://opencollective.com/vitest"
      }
    },
    "node_modules/@vitest/spy": {
      "version": "4.1.8",
      "resolved": "https://registry.npmjs.org/@vitest/spy/-/spy-4.1.8.tgz",
      "integrity": "sha512-JrCCNhq7H0dtX1glGhVxHaLMilgvz4VLKFSqyMjCFWxWyDKOZzjbRqamYLHrYjFERhHxerMCH7Ii9UjqYrP5w==",
      "dev": true,
      "license": "MIT",
      "dependencies": {
        "tinyspy": "^3.0.2"
      },
      "funding": {
        "url": "https://opencollective.com/vitest"
      }
    },
    "node_modules/@vitest/utils": {
      "version": "4.1.8",
      "resolved": "https://registry.npmjs.org/@vitest/utils/-/utils-4.1.8.tgz",
      "integrity": "sha512-bpM/YhPNNRXL6yEJTi8Xl3fJCFBFapITFzMNwVoZgBP3fHWb1tpBk5PW+6pxhiMxb1VXk1LVHAEFAtBuJqFhg==",
      "dev": true,
      "license": "MIT",
      "dependencies": {
        "@vitest/pretty-format": "4.1.8",
        "loupe": "^3.1.3",
        "tinyrainbow": "^2.0.0"
      },
      "funding": {
        "url": "https://opencollective.com/vitest"
      }
    },
    "node_modules/argparse": {
      "version": "2.0.1",
      "resolved": "https://registry.npmjs.org/argparse/-/argparse-2.0.1.tgz",
      "integrity": "sha512-8+9WqebbFzpX9OR+Wa6O29asIogeRMzcGtAINbc3T85t6Um1ohNiuE1gv5LP4fAfAE27JKLXej26JWyEfAQ/yg==",
      "license": "Python-2.0"
    },
    "node_modules/assertion-error": {
      "version": "2.0.1",
      "resolved": "https://registry.npmjs.org/assertion-error/-/assertion-error-2.0.1.tgz",
      "integrity": "sha512-Bz/0BKbn+ySnrT2NUvBdL0mJMH1cDsGGJfGMQGfNFuXgfJoTsEoRV2c4U5NWG5+CXOH8JFMeNRQz2sAAAA6dw==",
      "dev": true,
      "license": "MIT",
      "engines": {
        "node": ">=12"
      }
    },
    "node_modules/cac": {
      "version": "6.7.14",
      "resolved": "https://registry.npmjs.org/cac/-/cac-6.7.14.tgz",
      "integrity": "sha512-b6Ilus+c3RrdDk+JhLKUAFfkJ8cphaAL1GQYeMoHy6qEMiZXVT9bQJvnYMiJdRU0tHy8HGdBVMJ7uQAerSAcA==",
      "dev": true,
      "license": "MIT",
      "engines": {
        "node": ">=8"
      }
    },
    "node_modules/chai": {
      "version": "5.2.0",
      "resolved": "https://registry.npmjs.org/chai/-/chai-5.2.0.tgz",
      "integrity": "sha512-mCuXncKXk5iCLhfhwTc0izo0gtEmpz5CtG2y8GiOINBlMVS6v8TMRc5TaLWKS6692m9+dVVfzgeVoTa9Bm6bA==",
      "dev": true,
      "license": "MIT",
      "dependencies": {
        "assertion-error": "^2.0.1",
        "check-error": "^2.1.1",
        "deep-eql": "^5.0.1",
        "loupe": "^3.1.0",
        "pathval": "^2.0.0"
      },
      "engines": {
        "node": ">=18"
      }
    },
    "node_modules/check-error": {
      "version": "2.1.3",
      "resolved": "https://registry.npmjs.org/check-error/-/check-error-2.1.3.tgz",
      "integrity": "sha512-Dj1Culx+2PSEP7wNFKWCwdJWgD2GTMjhCxNLXMu1v8Fm6oxRBYj+CHX8Qn+L6RJMOBUxc/mTJQPnFb0RZuHLA==",
      "dev": true,
      "license": "MIT",
      "engines": {
        "node": ">= 16"
      }
    },
    "node_modules/debug": {
      "version": "4.4.1",
      "resolved": "https://registry.npmjs.org/debug/-/debug-4.4.1.tgz",
      "integrity": "sha512-KcKCqiftBJcZr++7ykoDIEwSa3XWowTfNPo92BIAl6aumFoVozeZxmkXQVmuCs/rqbwPSBFBtHl7fGJWP4mow==",
      "dev": true,
      "license": "MIT",
      "dependencies": {
        "ms": "^2.1.3"
      },
      "engines": {
        "node": ">=6.0.0"
      },
      "peerDependenciesMeta": {
        "supports-color": {
          "optional": true
        }
      }
    },
    "node_modules/deep-eql": {
      "version": "5.0.2",
      "resolved": "https://registry.npmjs.org/deep-eql/-/deep-eql-5.0.2.tgz",
      "integrity": "sha512-h5k/5U50IJJFpzfL6nO9jaaumfjO/f2NjK/oYB2Djzm4p9L+3T9qWpZqZ2AwLsggGQJoJtptCaKMKHpUrMZ4A==",
      "dev": true,
      "license": "MIT",
      "engines": {
        "node": ">=6"
      }
    },
    "node_modules/es-module-lexer": {
      "version": "1.7.0",
      "resolved": "https://registry.npmjs.org/es-module-lexer/-/es-module-lexer-1.7.0.tgz",
      "integrity": "sha512-jEQoCwk8hyb2AZziIOLhDqpm5+2ww5uIE6lkO/6jcOCusfk6LhMHpXXfBLXTZ7Ydyt0j4VoUQv6uGNYbdW+kw==",
      "dev": true,
      "license": "MIT"
    },
    "node_modules/estree-walker": {
      "version": "3.0.3",
      "resolved": "https://registry.npmjs.org/estree-walker/-/estree-walker-3.0.3.tgz",
      "integrity": "sha512-7RUKfXgSMMkzt6ZuXmqapOurLGPPfgj6l9uRZ7lRGolvk0y2yocc35LdcxKC5PQZdn2DMqioAQ2NoWcrTKmwhA==",
      "dev": true,
      "license": "MIT",
      "dependencies": {
        "@types/estree": "^1.0.0"
      }
    },
    "node_modules/expect-type": {
      "version": "1.2.1",
      "resolved": "https://registry.npmjs.org/expect-type/-/expect-type-1.2.1.tgz",
      "integrity": "sha512-/kP8CrgPMWOA94qMLQbM3heqOHZnFMBqfQFqNthpS1k9NpFqvN7oCPfHVmAqmkS20OTgMmfVzvp2AkZGLd2ew==",
      "dev": true,
      "license": "Apache-2.0",
      "engines": {
        "node": ">=12.0.0"
      }
    },
    "node_modules/fdir": {
      "version": "6.4.5",
      "resolved": "https://registry.npmjs.org/fdir/-/fdir-6.4.5.tgz",
      "integrity": "sha512-4BG7puHpVsIYxZUbiUE3RqGloLaSSwzYie5jvasC4LWuBWzZawynvYouhjbQKw2JuIGYdm0DAfIsDQqBFvQHrg==",
      "dev": true,
      "license": "MIT",
      "peerDependencies": {
        "picomatch": "^3 || ^4"
      },
      "peerDependenciesMeta": {
        "picomatch": {
          "optional": true
        }
      }
    },
    "node_modules/js-yaml": {
      "version": "4.2.0",
      "resolved": "https://registry.npmjs.org/js-yaml/-/js-yaml-4.2.0.tgz",
      "integrity": "sha512-ePWsvanv0DWuDRsW8dnt+R4jQ31SCRCQ7hhNcPXZPsoBZiemuZNYGf7adZdqX2D86j6rvKp3RpCxVTSb8WQlOw==",
      "funding": [
        {
          "type": "github",
          "url": "https://github.com/sponsors/puzrin"
        },
        {
          "type": "github",
          "url": "https://github.com/sponsors/nodeca"
        }
      ],
      "license": "MIT",
      "dependencies": {
        "argparse": "^2.0.1"
      },
      "bin": {
        "js-yaml": "bin/js-yaml.js"
      }
    },
    "node_modules/loupe": {
      "version": "3.1.4",
      "resolved": "https://registry.npmjs.org/loupe/-/loupe-3.1.4.tgz",
      "integrity": "sha512-wJzkKwJrheKne6qHBWjQHdmkGt2aMfVKfU0YOQ9UJi0EiBSOA0WsA0tGJsA2hPOAHoMRHAUHIoMWMwKJuJP6Q==",
      "dev": true,
      "license": "MIT"
    },
    "node_modules/magic-string": {
      "version": "0.30.17",
      "resolved": "https://registry.npmjs.org/magic-string/-/magic-string-0.30.17.tgz",
      "integrity": "sha512-sNPKHvyjVf7gyjwS4xGTaW/mCnF8wnjtifKBEhxfZ7E/S8tQ0rssewGpH+Z1uayhGHaGeBbhszdZxk/9bHV4g==",
      "dev": true,
      "license": "MIT",
      "dependencies": {
        "@jridgewell/sourcemap-codec": "^1.4.15"
      }
    },
    "node_modules/ms": {
      "version": "2.1.3",
      "resolved": "https://registry.npmjs.org/ms/-/ms-2.1.3.tgz",
      "integrity": "sha512-6FlzubTLZG3J2a/NVCAleEhjzq5oxgHyaCU9yYXvcLsvoVaHJq/s5xXI6/XXP6tz7R9xAOtHnSO/tXtF3WRTlA==",
      "dev": true,
      "license": "MIT"
    },
    "node_modules/nanoid": {
      "version": "3.3.11",
      "resolved": "https://registry.npmjs.org/nanoid/-/nanoid-3.3.11.tgz",
      "integrity": "sha512-N0W8bVZT8yfghDtBbpTkpf6vYxT7MZpBAJLzqEBCdMfIQjADYDAFUcvgRjgPy7gqPFR/zF+Vif6mpcS+AhBfQ==",
      "dev": true,
      "funding": [
        {
          "type": "github",
          "url": "https://github.com/sponsors/ai"
        }
      ],
      "license": "MIT",
      "bin": {
        "nanoid": "bin/nanoid.cjs"
      },
      "engines": {
        "node": "^10 || ^12 || ^13.7 || ^14 || >=15.0.1"
      }
    },
    "node_modules/pathe": {
      "version": "2.0.3",
      "resolved": "https://registry.npmjs.org/pathe/-/pathe-2.0.3.tgz",
      "integrity": "sha512-WUjGcAqP1gQacoQe+OBJsFA7Ld4DyXuUIjZ5cc75cLHvJ7dtNsTugphxIADwspS+AraAUePCKrSVtPLFj/F88w==",
      "dev": true,
      "license": "MIT"
    },
    "node_modules/pathval": {
      "version": "2.0.0",
      "resolved": "https://registry.npmjs.org/pathval/-/pathval-2.0.0.tgz",
      "integrity": "sha512-vE7JKRyES09KiunauX7nd2Q9/L7lhok4smP9RZTDeD4MVs72Dp2qNFVz39Nz5a0FVEW0BJR6C0DYrTXXX6i16Q==",
      "dev": true,
      "license": "MIT",
      "engines": {
        "node": ">= 14.16"
      }
    },
    "node_modules/picocolors": {
      "version": "1.1.1",
      "resolved": "https://registry.npmjs.org/picocolors/-/picocolors-1.1.1.tgz",
      "integrity": "sha512-xceH2snhtobs8CWeItkFd/Net6K/5FXGhTkTm3mDdlrnTQEaHhCqPUuvT4wH98AFIAMiLSIFpJ6nkPgXGLPcg==",
      "dev": true,
      "license": "ISC"
    },
    "node_modules/picomatch": {
      "version": "4.0.2",
      "resolved": "https://registry.npmjs.org/picomatch/-/picomatch-4.0.2.tgz",
      "integrity": "sha512-M7BAV6Rlcy5u+m6oPhAPFgJTzAioX/6B0DxyvDlo9l8+T3nLKbrczg2WLUyzd45L8RqfUMyGPzekbMvX2Ldkw==",
      "dev": true,
      "license": "MIT",
      "engines": {
        "node": ">=12"
      }
    },
    "node_modules/postcss": {
      "version": "8.5.15",
      "resolved": "https://registry.npmjs.org/postcss/-/postcss-8.5.15.tgz",
      "integrity": "sha512-rGzMrRnSMxvEqWVPkOBoeNhIJaMPPApFaD4sFoOmM8O8LQ1lzlGHmNtXVEiiDyEPdGFnVqSZf++yZJLBQfXZA==",
      "dev": true,
      "funding": [
        {
          "type": "opencollective",
          "url": "https://opencollective.com/postcss/"
        },
        {
          "type": "tidelift",
          "url": "https://tidelift.com/funding/github/npm/postcss"
        },
        {
          "type": "github",
          "url": "https://github.com/sponsors/ai"
        }
      ],
      "license": "MIT",
      "dependencies": {
        "nanoid": "^3.3.11",
        "picocolors": "^1.1.1",
        "source-map-js": "^1.2.1"
      },
      "engines": {
        "node": "^10 || ^12 || >=14"
      }
    },
    "node_modules/rollup": {
      "version": "4.44.0",
      "resolved": "https://registry.npmjs.org/rollup/-/rollup-4.44.0.tgz",
      "integrity": "sha512-epHo9ADqBBlXAGwmJKMzFSGzXlwQivKh5bWZhzZlPb3XHc3J0EsP4HaRfZUjAVPFJrIAlhMFaFgOHijhpGrpQ==",
      "dev": true,
      "license": "MIT",
      "dependencies": {
        "@types/estree": "1.0.8"
      },
      "bin": {
        "rollup": "dist/bin/rollup"
      },
      "engines": {
        "node": ">=18.0.0",
        "npm": ">=8.0.0"
      },
      "optionalDependencies": {
        "@rollup/rollup-android-arm-eabi": "4.44.0",
        "@rollup/rollup-android-arm64": "4.44.0",
        "@rollup/rollup-darwin-arm64": "4.44.0",
        "@rollup/rollup-darwin-x64": "4.44.0",
        "@rollup/rollup-freebsd-arm64": "4.44.0",
        "@rollup/rollup-freebsd-x64": "4.44.0",
        "@rollup/rollup-linux-arm-gnueabihf": "4.44.0",
        "@rollup/rollup-linux-arm-musleabihf": "4.44.0",
        "@rollup/rollup-linux-arm64-gnu": "4.44.0",
        "@rollup/rollup-linux-arm64-musl": "4.44.0",
        "@rollup/rollup-linux-loong64-gnu": "4.44.0",
        "@rollup/rollup-linux-loong64-musl": "4.44.0",
        "@rollup/rollup-linux-powerpc64le-gnu": "4.44.0",
        "@rollup/rollup-linux-riscv64-gnu": "4.44.0",
        "@rollup/rollup-linux-riscv64-musl": "4.44.0",
        "@rollup/rollup-linux-s390x-gnu": "4.44.0",
        "@rollup/rollup-linux-x64-gnu": "4.44.0",
        "@rollup/rollup-linux-x64-musl": "4.44.0",
        "@rollup/rollup-win32-arm64-msvc": "4.44.0",
        "@rollup/rollup-win32-ia32-msvc": "4.44.0",
        "@rollup/rollup-win32-x64-msvc": "4.44.0"
      }
    },
    "node_modules/siginfo": {
      "version": "2.0.0",
      "resolved": "https://registry.npmjs.org/siginfo/-/siginfo-2.0.0.tgz",
      "integrity": "sha512-ybx0WO1/8bSBLEWXZvEd7gMW3Sn3JFlW3TvX1nREbDLRNQNaeNN8WK0meBwPdAaOI7TtRRRJn/Es1zhrrCHu9g==",
      "dev": true,
      "license": "ISC"
    },
    "node_modules/source-map-js": {
      "version": "1.2.1",
      "resolved": "https://registry.npmjs.org/source-map-js/-/source-map-js-1.2.1.tgz",
      "integrity": "sha512-UXWMKhLOwVKb728IUtQPXxfYU+usdybtUrK/8uGE8CQMvrhOpwvzDBwj0QhSL7MQc7vIsISBG8VQ8+IDQxpfQA==",
      "dev": true,
      "license": "BSD-3-Clause",
      "engines": {
        "node": ">=0.10.0"
      }
    },
    "node_modules/stackback": {
      "version": "0.0.2",
      "resolved": "https://registry.npmjs.org/stackback/-/stackback-0.0.2.tgz",
      "integrity": "sha512-1XMJE5fQo1jGH6Y/7ebnwPOBEkIEnT4QF32d5R1+VXdXveM0IBMJt8zfaxX1P3QhVwrYe+576+jkANtSS2mBbQ==",
      "dev": true,
      "license": "MIT"
    },
    "node_modules/std-env": {
      "version": "3.10.0",
      "resolved": "https://registry.npmjs.org/std-env/-/std-env-3.10.0.tgz",
      "integrity": "sha512-PZQQ0Hn/TaPBs5hg+7EYVRteyLJjO12JJVFXqFi0x5lGrwbGUVbpB7JKfAbqFLSl+OzO3CxidKKe/FYNFhYTw==",
      "dev": true,
      "license": "MIT"
    },
    "node_modules/tinybench": {
      "version": "2.9.0",
      "resolved": "https://registry.npmjs.org/tinybench/-/tinybench-2.9.0.tgz",
      "integrity": "sha512-0+DUjqKDknR9OqqzlW9RIjkr0HLHIHps22ouYkZTpbsINI7zy2bWLJ3dMoD1LS9EJB5JpnYEr8jGMELNWLijw==",
      "dev": true,
      "license": "MIT"
    },
    "node_modules/tinyexec": {
      "version": "0.3.2",
      "resolved": "https://registry.npmjs.org/tinyexec/-/tinyexec-0.3.2.tgz",
      "integrity": "sha512-KQQR9yN2R+6RecfaOM3pCt8AXE8mBkSECxOGatb4wVNLGl7/5BFQHRuOkVS6YaFMKJLWOy56cW8GcRz1TJwTg==",
      "dev": true,
      "license": "MIT"
    },
    "node_modules/tinyglobby": {
      "version": "0.2.14",
      "resolved": "https://registry.npmjs.org/tinyglobby/-/tinyglobby-0.2.14.tgz",
      "integrity": "sha512-tX5e7OM1HnYr2+a2C/4V0htOcSCsgkFIiXohKhmMYHxWhSAkoMkObc4yBCElqEO6Hj4bMNEaRTeYhWiQlUqHg==",
      "dev": true,
      "license": "MIT",
      "dependencies": {
        "fdir": "^6.4.2",
        "picomatch": "^4.0.2"
      },
      "engines": {
        "node": ">=12.0.0"
      }
    },
    "node_modules/tinypool": {
      "version": "1.1.1",
      "resolved": "https://registry.npmjs.org/tinypool/-/tinypool-1.1.1.tgz",
      "integrity": "sha512-Zba82s87IFq9A9XmjiX5uZA/ARWDrB03OHlq+Vw1fSdt0I+4/Kutwy8BP4Y/y/aORMo61FQ0vIb5j44vSo7Kg==",
      "dev": true,
      "license": "MIT",
      "engines": {
        "node": "^18.0.0 || >=20.0.0"
      }
    },
    "node_modules/tinyrainbow": {
      "version": "2.0.0",
      "resolved": "https://registry.npmjs.org/tinyrainbow/-/tinyrainbow-2.0.0.tgz",
      "integrity": "sha512-op4nsTR47R6p0vMUUoYl3a3/FUA3ciJGZOmKBQXeN8F80B1MbYnqmAhEk/fEhCBx+DKu38TKVCqNLGcRtRN/Hg==",
      "dev": true,
      "license": "MIT"
    },
    "node_modules/tinyspy": {
      "version": "3.0.2",
      "resolved": "https://registry.npmjs.org/tinyspy/-/tinyspy-3.0.2.tgz",
      "integrity": "sha512-xG9TBEOT0wB2nBr7SbAPhHo0SiLi2/3sSWY/j4CEwB5wRXTiVS1Y0nEL/4p5oQCLBhBvRGGU3E/+XkGzFdIqg==",
      "dev": true,
      "license": "MIT",
      "engines": {
        "node": ">=14.0.0"
      }
    },
    "node_modules/vite": {
      "version": "8.0.16",
      "resolved": "https://registry.npmjs.org/vite/-/vite-8.0.16.tgz",
      "integrity": "sha512-HS3q7/kJuGWpXZpkSGPjKMBvVjfvp0wXyAuKJeHjk5hReDMJJwFGilajqfPEU0OxR47yJ1+gSWFMVfKMgzivA==",
      "dev": true,
      "license": "MIT",
      "dependencies": {
        "fdir": "^6.4.2",
        "picomatch": "^4.0.2",
        "postcss": "^8.4.43",
        "rollup": "^4.34.9",
        "tinyglobby": "0.2.14"
      },
      "bin": {
        "vite": "bin/vite.js"
      },
      "engines": {
        "node": "^18.0.0 || >=20.0.0"
      },
      "funding": {
        "url": "https://github.com/vitejs/vite?sponsor=1"
      },
      "peerDependencies": {
        "@types/node": "^18.0.0 || >=20.0.0",
        "less": "*",
        "lightningcss": "^1.21.0",
        "sass": "*",
        "sass-embedded": "*",
        "stylus": "*",
        "sugarss": "*",
        "terser": "^5.4.0"
      },
      "peerDependenciesMeta": {
        "@types/node": {
          "optional": true
        },
        "less": {
          "optional": true
        },
        "lightningcss": {
          "optional": true
        },
        "sass": {
          "optional": true
        },
        "sass-embedded": {
          "optional": true
        },
        "stylus": {
          "optional": true
        },
        "sugarss": {
          "optional": true
        },
        "terser": {
          "optional": true
        }
      }
    },
    "node_modules/vite-node": {
      "version": "4.1.8",
      "resolved": "https://registry.npmjs.org/vite-node/-/vite-node-4.1.8.tgz",
      "integrity": "sha512-e77gGHa/dIBL0+ug7YJDQB8dH6TyaGP+xRtWo9GJzXJXjNz5mCxB3Z4J4lzBKqEuMMbh0rmZi5bK1FolOYeg==",
      "dev": true,
      "license": "MIT",
      "dependencies": {
        "cac": "^6.7.14",
        "debug": "^4.4.1",
        "es-module-lexer": "^1.5.4",
        "pathe": "^2.0.3",
        "vite": "^8.0.0"
      },
      "bin": {
        "vite-node": "vite-node.mjs"
      },
      "engines": {
        "node": "^18.0.0 || >=20.0.0"
      },
      "funding": {
        "url": "https://opencollective.com/vitest"
      }
    },
    "node_modules/vitest": {
      "version": "4.1.8",
      "resolved": "https://registry.npmjs.org/vitest/-/vitest-4.1.8.tgz",
      "integrity": "sha512-HqUzjBVkE80FuHdKh14dq9ESXHP7PnvEZGvPMCXNMjLa5wSH/aSRxiWpH0A5aHZqBPdS/lAWe5Gg47bWFETCg==",
      "dev": true,
      "license": "MIT",
      "dependencies": {
        "@vitest/expect": "4.1.8",
        "@vitest/mocker": "4.1.8",
        "@vitest/pretty-format": "^4.1.8",
        "@vitest/runner": "4.1.8",
        "@vitest/snapshot": "4.1.8",
        "@vitest/spy": "4.1.8",
        "@vitest/utils": "4.1.8",
        "chai": "^5.2.0",
        "debug": "^4.4.1",
        "expect-type": "^1.1.0",
        "magic-string": "^0.30.17",
        "pathe": "^2.0.3",
        "std-env": "^3.8.0",
        "tinybench": "^2.9.0",
        "tinyexec": "^0.3.1",
        "tinypool": "^1.0.1",
        "tinyrainbow": "^2.0.0",
        "vite": "^8.0.0",
        "vite-node": "4.1.8",
        "why-is-node-running": "^2.3.0"
      },
      "bin": {
        "vitest": "vitest.mjs"
      },
      "engines": {
        "node": "^18.0.0 || >=20.0.0"
      },
      "funding": {
        "url": "https://opencollective.com/vitest"
      },
      "peerDependencies": {
        "@edge-runtime/vm": "*",
        "@types/node": "^18.0.0 || >=20.0.0",
        "@vitest/browser": "4.1.8",
        "@vitest/ui": "4.1.8",
        "happy-dom": "*",
        "jsdom": "*"
      },
      "peerDependenciesMeta": {
        "@edge-runtime/vm": {
          "optional": true
        },
        "@types/node": {
          "optional": true
        },
        "@vitest/browser": {
          "optional": true
        },
        "@vitest/ui": {
          "optional": true
        },
        "happy-dom": {
          "optional": true
        },
        "jsdom": {
          "optional": true
        }
      }
    },
    "node_modules/why-is-node-running": {
      "version": "2.3.0",
      "resolved": "https://registry.npmjs.org/why-is-node-running/-/why-is-node-running-2.3.0.tgz",
      "integrity": "sha512-rvKVIL+oHTQV/hx7IlVXaW5P8W8UNVIpU/z3LuqHNdE5fBLVEdVWwdBXh90ZMqHSL6XHMWoRExoHNJUWTrPcw==",
      "dev": true,
      "license": "MIT",
      "dependencies": {
        "siginfo": "^2.0.0",
        "stackback": "0.0.2"
      },
      "bin": {
        "why-is-node-running": "cli.js"
      },
      "engines": {
        "node": ">=8"
      }
    },
    "node_modules/yaml": {
      "version": "2.9.0",
      "resolved": "https://registry.npmjs.org/yaml/-/yaml-2.9.0.tgz",
      "integrity": "sha512-GDmf8enSs5cBqFSW2DJ7kJEX2Xw4QHfvx2RQXM8pHjjF0TXSW2T6oo1VmS8MEzVnowlLCMx6hsBouTRzRLF+w==",
      "license": "ISC",
      "bin": {
        "yaml": "bin.mjs"
      },
      "engines": {
        "node": ">= 14.6"
      },
      "funding": {
        "url": "https://github.com/sponsors/eemeli"
      }
    }
  }
}
